
Microsoft Visual Studio Solution File, Format Version 11.00
# Visual Studio 2010
Project("{FAE04EC0-301F-11D3-BF4B-00C04F79EFBC}") = "Task Force AI", "Assembly-CSharp.csproj", "{D41636CE-7353-CC09-BDFA-330A2E77FC79}"
EndProject
Project("{FAE04EC0-301F-11D3-BF4B-00C04F79EFBC}") = "Task Force AI", "Assembly-CSharp-firstpass.csproj", "{B585C9E2-CE4B-F4FB-8EE3-7497A5193246}"
EndProject
Project("{FAE04EC0-301F-11D3-BF4B-00C04F79EFBC}") = "Task Force AI", "Assembly-CSharp-Editor-firstpass.csproj", "{DB1973A2-B439-C03E-CD86-E504C591DE05}"
EndProject
Project("{FAE04EC0-301F-11D3-BF4B-00C04F79EFBC}") = "Task Force AI", "Assembly-CSharp-Editor.csproj", "{05FD0705-3D87-28F7-80DB-B7F55B0EDAA2}"
EndProject
Global
	GlobalSection(SolutionConfigurationPlatforms) = preSolution
		Debug|Any CPU = Debug|Any CPU
		Release|Any CPU = Release|Any CPU
	EndGlobalSection
	GlobalSection(ProjectConfigurationPlatforms) = postSolution
		{D41636CE-7353-CC09-BDFA-330A2E77FC79}.Debug|Any CPU.ActiveCfg = Debug|Any CPU
		{D41636CE-7353-CC09-BDFA-330A2E77FC79}.Debug|Any CPU.Build.0 = Debug|Any CPU
		{D41636CE-7353-CC09-BDFA-330A2E77FC79}.Release|Any CPU.ActiveCfg = Release|Any CPU
		{D41636CE-7353-CC09-BDFA-330A2E77FC79}.Release|Any CPU.Build.0 = Release|Any CPU
		{B585C9E2-CE4B-F4FB-8EE3-7497A5193246}.Debug|Any CPU.ActiveCfg = Debug|Any CPU
		{B585C9E2-CE4B-F4FB-8EE3-7497A5193246}.Debug|Any CPU.Build.0 = Debug|Any CPU
		{B585C9E2-CE4B-F4FB-8EE3-7497A5193246}.Release|Any CPU.ActiveCfg = Release|Any CPU
		{B585C9E2-CE4B-F4FB-8EE3-7497A5193246}.Release|Any CPU.Build.0 = Release|Any CPU
		{DB1973A2-B439-C03E-CD86-E504C591DE05}.Debug|Any CPU.ActiveCfg = Debug|Any CPU
		{DB1973A2-B439-C03E-CD86-E504C591DE05}.Debug|Any CPU.Build.0 = Debug|Any CPU
		{DB1973A2-B439-C03E-CD86-E504C591DE05}.Release|Any CPU.ActiveCfg = Release|Any CPU
		{DB1973A2-B439-C03E-CD86-E504C591DE05}.Release|Any CPU.Build.0 = Release|Any CPU
		{05FD0705-3D87-28F7-80DB-B7F55B0EDAA2}.Debug|Any CPU.ActiveCfg = Debug|Any CPU
		{05FD0705-3D87-28F7-80DB-B7F55B0EDAA2}.Debug|Any CPU.Build.0 = Debug|Any CPU
		{05FD0705-3D87-28F7-80DB-B7F55B0EDAA2}.Release|Any CPU.ActiveCfg = Release|Any CPU
		{05FD0705-3D87-28F7-80DB-B7F55B0EDAA2}.Release|Any CPU.Build.0 = Release|Any CPU
	EndGlobalSection
	GlobalSection(SolutionProperties) = preSolution
		HideSolutionNode = FALSE
	EndGlobalSection
	GlobalSection(MonoDevelopProperties) = preSolution
		StartupItem = Assembly-CSharp.csproj
	EndGlobalSection
EndGlobal
